// !$*UTF8*$!
{
	archiveVersion = 1;
	classes = {
	};
	objectVersion = 56;
	objects = {

/* Begin PBXBuildFile section */
		59202CAA2CE374730008BD59 /* AppDelegate.swift in Sources */ = {isa = PBXBuildFile; fileRef = 59202CA92CE374730008BD59 /* AppDelegate.swift */; };
		59202CAC2CE374730008BD59 /* SceneDelegate.swift in Sources */ = {isa = PBXBuildFile; fileRef = 59202CAB2CE374730008BD59 /* SceneDelegate.swift */; };
		59202CAE2CE374730008BD59 /* StartPageViewController.swift in Sources */ = {isa = PBXBuildFile; fileRef = 59202CAD2CE374730008BD59 /* StartPageViewController.swift */; };
		59202CB32CE374770008BD59 /* Assets.xcassets in Resources */ = {isa = PBXBuildFile; fileRef = 59202CB22CE374770008BD59 /* Assets.xcassets */; };
		59202CB62CE374770008BD59 /* Base in Resources */ = {isa = PBXBuildFile; fileRef = 59202CB52CE374770008BD59 /* Base */; };
		59202CC32CE3A8A30008BD59 /* Constants.swift in Sources */ = {isa = PBXBuildFile; fileRef = 59202CC22CE3A8A30008BD59 /* Constants.swift */; };
		59202CC62CE3AA750008BD59 /* UIViewExtension.swift in Sources */ = {isa = PBXBuildFile; fileRef = 59202CC52CE3AA750008BD59 /* UIViewExtension.swift */; };
		5938F8152CE4D6B800B56916 /* UIColorExtension.swift in Sources */ = {isa = PBXBuildFile; fileRef = 5938F8142CE4D6B800B56916 /* UIColorExtension.swift */; };
		5938F8182CE4D6D300B56916 /* CustomButton.swift in Sources */ = {isa = PBXBuildFile; fileRef = 5938F8172CE4D6D300B56916 /* CustomButton.swift */; };
		5938F81A2CE4E3C600B56916 /* UIStackViewExtension.swift in Sources */ = {isa = PBXBuildFile; fileRef = 5938F8192CE4E3C600B56916 /* UIStackViewExtension.swift */; };
		5938F81F2CE6251E00B56916 /* HomePageViewController.swift in Sources */ = {isa = PBXBuildFile; fileRef = 5938F81E2CE6251E00B56916 /* HomePageViewController.swift */; };
		5938F8212CE62B6500B56916 /* SubjectCell.swift in Sources */ = {isa = PBXBuildFile; fileRef = 5938F8202CE62B6500B56916 /* SubjectCell.swift */; };
		5938F8232CE62F9300B56916 /* Subject.swift in Sources */ = {isa = PBXBuildFile; fileRef = 5938F8222CE62F9300B56916 /* Subject.swift */; };
		5938F8272CE63A7C00B56916 /* CustomRoundButton.swift in Sources */ = {isa = PBXBuildFile; fileRef = 5938F8262CE63A7C00B56916 /* CustomRoundButton.swift */; };
		5994AF512CE77939006B4B2C /* GPAView.swift in Sources */ = {isa = PBXBuildFile; fileRef = 5994AF502CE77939006B4B2C /* GPAView.swift */; };
		5994AF532CEC86AE006B4B2C /* CustomPopUp.swift in Sources */ = {isa = PBXBuildFile; fileRef = 5994AF522CEC86AE006B4B2C /* CustomPopUp.swift */; };
		5994AF552CEC8914006B4B2C /* ScorePopUp.swift in Sources */ = {isa = PBXBuildFile; fileRef = 5994AF542CEC8914006B4B2C /* ScorePopUp.swift */; };
		5994AF572CEC8937006B4B2C /* PopupButton.swift in Sources */ = {isa = PBXBuildFile; fileRef = 5994AF562CEC8937006B4B2C /* PopupButton.swift */; };
		5994AF602CF5C4E5006B4B2C /* QuizProgressView.swift in Sources */ = {isa = PBXBuildFile; fileRef = 5994AF5F2CF5C4E5006B4B2C /* QuizProgressView.swift */; };
		5994AF622CF5C5A3006B4B2C /* QuizQuestionView.swift in Sources */ = {isa = PBXBuildFile; fileRef = 5994AF612CF5C5A3006B4B2C /* QuizQuestionView.swift */; };
		5994AF642CF5C6AA006B4B2C /* QuizViewController.swift in Sources */ = {isa = PBXBuildFile; fileRef = 5994AF632CF5C6AA006B4B2C /* QuizViewController.swift */; };
		5994AF662CF5D05F006B4B2C /* QuizHeaderView.swift in Sources */ = {isa = PBXBuildFile; fileRef = 5994AF652CF5D05F006B4B2C /* QuizHeaderView.swift */; };
		5994AF682CF5D114006B4B2C /* AnswerCell.swift in Sources */ = {isa = PBXBuildFile; fileRef = 5994AF672CF5D114006B4B2C /* AnswerCell.swift */; };
/* End PBXBuildFile section */

/* Begin PBXFileReference section */
		59202CA62CE374730008BD59 /* QuizApp.app */ = {isa = PBXFileReference; explicitFileType = wrapper.application; includeInIndex = 0; path = QuizApp.app; sourceTree = BUILT_PRODUCTS_DIR; };
		59202CA92CE374730008BD59 /* AppDelegate.swift */ = {isa = PBXFileReference; lastKnownFileType = sourcecode.swift; path = AppDelegate.swift; sourceTree = "<group>"; };
		59202CAB2CE374730008BD59 /* SceneDelegate.swift */ = {isa = PBXFileReference; lastKnownFileType = sourcecode.swift; path = SceneDelegate.swift; sourceTree = "<group>"; };
		59202CAD2CE374730008BD59 /* StartPageViewController.swift */ = {isa = PBXFileReference; lastKnownFileType = sourcecode.swift; path = StartPageViewController.swift; sourceTree = "<group>"; };
		59202CB22CE374770008BD59 /* Assets.xcassets */ = {isa = PBXFileReference; lastKnownFileType = folder.assetcatalog; path = Assets.xcassets; sourceTree = "<group>"; };
		59202CB52CE374770008BD59 /* Base */ = {isa = PBXFileReference; lastKnownFileType = file.storyboard; name = Base; path = Base.lproj/LaunchScreen.storyboard; sourceTree = "<group>"; };
		59202CB72CE374770008BD59 /* Info.plist */ = {isa = PBXFileReference; lastKnownFileType = text.plist.xml; path = Info.plist; sourceTree = "<group>"; };
		59202CC22CE3A8A30008BD59 /* Constants.swift */ = {isa = PBXFileReference; lastKnownFileType = sourcecode.swift; path = Constants.swift; sourceTree = "<group>"; };
		59202CC52CE3AA750008BD59 /* UIViewExtension.swift */ = {isa = PBXFileReference; lastKnownFileType = sourcecode.swift; path = UIViewExtension.swift; sourceTree = "<group>"; };
		5938F8142CE4D6B800B56916 /* UIColorExtension.swift */ = {isa = PBXFileReference; lastKnownFileType = sourcecode.swift; path = UIColorExtension.swift; sourceTree = "<group>"; };
		5938F8172CE4D6D300B56916 /* CustomButton.swift */ = {isa = PBXFileReference; lastKnownFileType = sourcecode.swift; path = CustomButton.swift; sourceTree = "<group>"; };
		5938F8192CE4E3C600B56916 /* UIStackViewExtension.swift */ = {isa = PBXFileReference; lastKnownFileType = sourcecode.swift; path = UIStackViewExtension.swift; sourceTree = "<group>"; };
		5938F81E2CE6251E00B56916 /* HomePageViewController.swift */ = {isa = PBXFileReference; lastKnownFileType = sourcecode.swift; path = HomePageViewController.swift; sourceTree = "<group>"; };
		5938F8202CE62B6500B56916 /* SubjectCell.swift */ = {isa = PBXFileReference; lastKnownFileType = sourcecode.swift; path = SubjectCell.swift; sourceTree = "<group>"; };
		5938F8222CE62F9300B56916 /* Subject.swift */ = {isa = PBXFileReference; lastKnownFileType = sourcecode.swift; path = Subject.swift; sourceTree = "<group>"; };
		5938F8262CE63A7C00B56916 /* CustomRoundButton.swift */ = {isa = PBXFileReference; lastKnownFileType = sourcecode.swift; path = CustomRoundButton.swift; sourceTree = "<group>"; };
		5994AF502CE77939006B4B2C /* GPAView.swift */ = {isa = PBXFileReference; lastKnownFileType = sourcecode.swift; path = GPAView.swift; sourceTree = "<group>"; };
		5994AF522CEC86AE006B4B2C /* CustomPopUp.swift */ = {isa = PBXFileReference; lastKnownFileType = sourcecode.swift; path = CustomPopUp.swift; sourceTree = "<group>"; };
		5994AF542CEC8914006B4B2C /* ScorePopUp.swift */ = {isa = PBXFileReference; lastKnownFileType = sourcecode.swift; path = ScorePopUp.swift; sourceTree = "<group>"; };
		5994AF562CEC8937006B4B2C /* PopupButton.swift */ = {isa = PBXFileReference; lastKnownFileType = sourcecode.swift; path = PopupButton.swift; sourceTree = "<group>"; };
		5994AF5F2CF5C4E5006B4B2C /* QuizProgressView.swift */ = {isa = PBXFileReference; lastKnownFileType = sourcecode.swift; path = QuizProgressView.swift; sourceTree = "<group>"; };
		5994AF612CF5C5A3006B4B2C /* QuizQuestionView.swift */ = {isa = PBXFileReference; lastKnownFileType = sourcecode.swift; path = QuizQuestionView.swift; sourceTree = "<group>"; };
		5994AF632CF5C6AA006B4B2C /* QuizViewController.swift */ = {isa = PBXFileReference; lastKnownFileType = sourcecode.swift; path = QuizViewController.swift; sourceTree = "<group>"; };
		5994AF652CF5D05F006B4B2C /* QuizHeaderView.swift */ = {isa = PBXFileReference; lastKnownFileType = sourcecode.swift; path = QuizHeaderView.swift; sourceTree = "<group>"; };
		5994AF672CF5D114006B4B2C /* AnswerCell.swift */ = {isa = PBXFileReference; lastKnownFileType = sourcecode.swift; path = AnswerCell.swift; sourceTree = "<group>"; };
/* End PBXFileReference section */

/* Begin PBXFrameworksBuildPhase section */
		59202CA32CE374730008BD59 /* Frameworks */ = {
			isa = PBXFrameworksBuildPhase;
			buildActionMask = 2147483647;
			files = (
			);
			runOnlyForDeploymentPostprocessing = 0;
		};
/* End PBXFrameworksBuildPhase section */

/* Begin PBXGroup section */
		59202C9D2CE374730008BD59 = {
			isa = PBXGroup;
			children = (
				59202CA82CE374730008BD59 /* QuizApp */,
				59202CA72CE374730008BD59 /* Products */,
			);
			sourceTree = "<group>";
		};
		59202CA72CE374730008BD59 /* Products */ = {
			isa = PBXGroup;
			children = (
				59202CA62CE374730008BD59 /* QuizApp.app */,
			);
			name = Products;
			sourceTree = "<group>";
		};
		59202CA82CE374730008BD59 /* QuizApp */ = {
			isa = PBXGroup;
			children = (
				59202CBD2CE381970008BD59 /* App */,
				59202CBE2CE381A80008BD59 /* Screens */,
				59202CC12CE3A8950008BD59 /* Constants */,
				59202CC42CE3AA5E0008BD59 /* Extensions */,
				5938F8162CE4D6CC00B56916 /* Custom */,
				59202CBF2CE381B70008BD59 /* Resources */,
			);
			path = QuizApp;
			sourceTree = "<group>";
		};
		59202CBD2CE381970008BD59 /* App */ = {
			isa = PBXGroup;
			children = (
				59202CA92CE374730008BD59 /* AppDelegate.swift */,
				59202CAB2CE374730008BD59 /* SceneDelegate.swift */,
			);
			path = App;
			sourceTree = "<group>";
		};
		59202CBE2CE381A80008BD59 /* Screens */ = {
			isa = PBXGroup;
			children = (
				5994AF5E2CF5C4BC006B4B2C /* QuestionPage */,
				5938F81D2CE624E700B56916 /* HomePage */,
				59202CC02CE3A7EF0008BD59 /* StartPage */,
			);
			path = Screens;
			sourceTree = "<group>";
		};
		59202CBF2CE381B70008BD59 /* Resources */ = {
			isa = PBXGroup;
			children = (
				59202CB22CE374770008BD59 /* Assets.xcassets */,
				59202CB72CE374770008BD59 /* Info.plist */,
				59202CB42CE374770008BD59 /* LaunchScreen.storyboard */,
			);
			path = Resources;
			sourceTree = "<group>";
		};
		59202CC02CE3A7EF0008BD59 /* StartPage */ = {
			isa = PBXGroup;
			children = (
				59202CAD2CE374730008BD59 /* StartPageViewController.swift */,
			);
			path = StartPage;
			sourceTree = "<group>";
		};
		59202CC12CE3A8950008BD59 /* Constants */ = {
			isa = PBXGroup;
			children = (
				59202CC22CE3A8A30008BD59 /* Constants.swift */,
			);
			path = Constants;
			sourceTree = "<group>";
		};
		59202CC42CE3AA5E0008BD59 /* Extensions */ = {
			isa = PBXGroup;
			children = (
				59202CC52CE3AA750008BD59 /* UIViewExtension.swift */,
				5938F8142CE4D6B800B56916 /* UIColorExtension.swift */,
				5938F8192CE4E3C600B56916 /* UIStackViewExtension.swift */,
			);
			path = Extensions;
			sourceTree = "<group>";
		};
		5938F8162CE4D6CC00B56916 /* Custom */ = {
			isa = PBXGroup;
			children = (
				5994AF522CEC86AE006B4B2C /* CustomPopUp.swift */,
				5994AF542CEC8914006B4B2C /* ScorePopUp.swift */,
				5994AF562CEC8937006B4B2C /* PopupButton.swift */,
				5938F8172CE4D6D300B56916 /* CustomButton.swift */,
				5938F8262CE63A7C00B56916 /* CustomRoundButton.swift */,
			);
			path = Custom;
			sourceTree = "<group>";
		};
		5938F81D2CE624E700B56916 /* HomePage */ = {
			isa = PBXGroup;
			children = (
				5938F81E2CE6251E00B56916 /* HomePageViewController.swift */,
				5994AF502CE77939006B4B2C /* GPAView.swift */,
				5938F8242CE6397C00B56916 /* Model */,
				5938F8252CE6398400B56916 /* Cell */,
			);
			path = HomePage;
			sourceTree = "<group>";
		};
		5938F8242CE6397C00B56916 /* Model */ = {
			isa = PBXGroup;
			children = (
				5938F8222CE62F9300B56916 /* Subject.swift */,
			);
			path = Model;
			sourceTree = "<group>";
		};
		5938F8252CE6398400B56916 /* Cell */ = {
			isa = PBXGroup;
			children = (
				5938F8202CE62B6500B56916 /* SubjectCell.swift */,
			);
			path = Cell;
			sourceTree = "<group>";
		};
		5994AF5E2CF5C4BC006B4B2C /* QuestionPage */ = {
			isa = PBXGroup;
			children = (
				5994AF632CF5C6AA006B4B2C /* QuizViewController.swift */,
				5994AF6A2CF6F4D3006B4B2C /* Views */,
				5994AF692CF6F48E006B4B2C /* Cell */,
			);
			path = QuestionPage;
			sourceTree = "<group>";
		};
		5994AF692CF6F48E006B4B2C /* Cell */ = {
			isa = PBXGroup;
			children = (
				5994AF672CF5D114006B4B2C /* AnswerCell.swift */,
			);
			path = Cell;
			sourceTree = "<group>";
		};
		5994AF6A2CF6F4D3006B4B2C /* Views */ = {
			isa = PBXGroup;
			children = (
				5994AF652CF5D05F006B4B2C /* QuizHeaderView.swift */,
				5994AF5F2CF5C4E5006B4B2C /* QuizProgressView.swift */,
				5994AF612CF5C5A3006B4B2C /* QuizQuestionView.swift */,
			);
			path = Views;
			sourceTree = "<group>";
		};
/* End PBXGroup section */

/* Begin PBXNativeTarget section */
		59202CA52CE374730008BD59 /* QuizApp */ = {
			isa = PBXNativeTarget;
			buildConfigurationList = 59202CBA2CE374770008BD59 /* Build configuration list for PBXNativeTarget "QuizApp" */;
			buildPhases = (
				59202CA22CE374730008BD59 /* Sources */,
				59202CA32CE374730008BD59 /* Frameworks */,
				59202CA42CE374730008BD59 /* Resources */,
			);
			buildRules = (
			);
			dependencies = (
			);
			name = QuizApp;
			productName = QuizApp;
			productReference = 59202CA62CE374730008BD59 /* QuizApp.app */;
			productType = "com.apple.product-type.application";
		};
/* End PBXNativeTarget section */

/* Begin PBXProject section */
		59202C9E2CE374730008BD59 /* Project object */ = {
			isa = PBXProject;
			attributes = {
				BuildIndependentTargetsInParallel = 1;
				LastSwiftUpdateCheck = 1540;
				LastUpgradeCheck = 1540;
				TargetAttributes = {
					59202CA52CE374730008BD59 = {
						CreatedOnToolsVersion = 15.4;
					};
				};
			};
			buildConfigurationList = 59202CA12CE374730008BD59 /* Build configuration list for PBXProject "QuizApp" */;
			compatibilityVersion = "Xcode 14.0";
			developmentRegion = en;
			hasScannedForEncodings = 0;
			knownRegions = (
				en,
				Base,
			);
			mainGroup = 59202C9D2CE374730008BD59;
			productRefGroup = 59202CA72CE374730008BD59 /* Products */;
			projectDirPath = "";
			projectRoot = "";
			targets = (
				59202CA52CE374730008BD59 /* QuizApp */,
			);
		};
/* End PBXProject section */

/* Begin PBXResourcesBuildPhase section */
		59202CA42CE374730008BD59 /* Resources */ = {
			isa = PBXResourcesBuildPhase;
			buildActionMask = 2147483647;
			files = (
				59202CB32CE374770008BD59 /* Assets.xcassets in Resources */,
				59202CB62CE374770008BD59 /* Base in Resources */,
			);
			runOnlyForDeploymentPostprocessing = 0;
		};
/* End PBXResourcesBuildPhase section */

/* Begin PBXSourcesBuildPhase section */
		59202CA22CE374730008BD59 /* Sources */ = {
			isa = PBXSourcesBuildPhase;
			buildActionMask = 2147483647;
			files = (
				59202CC62CE3AA750008BD59 /* UIViewExtension.swift in Sources */,
				5938F8232CE62F9300B56916 /* Subject.swift in Sources */,
				5938F81A2CE4E3C600B56916 /* UIStackViewExtension.swift in Sources */,
				5938F81F2CE6251E00B56916 /* HomePageViewController.swift in Sources */,
				5994AF662CF5D05F006B4B2C /* QuizHeaderView.swift in Sources */,
				59202CAE2CE374730008BD59 /* StartPageViewController.swift in Sources */,
				59202CAA2CE374730008BD59 /* AppDelegate.swift in Sources */,
				5938F8212CE62B6500B56916 /* SubjectCell.swift in Sources */,
				59202CAC2CE374730008BD59 /* SceneDelegate.swift in Sources */,
				5994AF642CF5C6AA006B4B2C /* QuizViewController.swift in Sources */,
				5938F8182CE4D6D300B56916 /* CustomButton.swift in Sources */,
				5994AF602CF5C4E5006B4B2C /* QuizProgressView.swift in Sources */,
				5994AF552CEC8914006B4B2C /* ScorePopUp.swift in Sources */,
				5994AF622CF5C5A3006B4B2C /* QuizQuestionView.swift in Sources */,
				5994AF572CEC8937006B4B2C /* PopupButton.swift in Sources */,
				5938F8272CE63A7C00B56916 /* CustomRoundButton.swift in Sources */,
				5994AF512CE77939006B4B2C /* GPAView.swift in Sources */,
				59202CC32CE3A8A30008BD59 /* Constants.swift in Sources */,
				5994AF682CF5D114006B4B2C /* AnswerCell.swift in Sources */,
				5994AF532CEC86AE006B4B2C /* CustomPopUp.swift in Sources */,
				5938F8152CE4D6B800B56916 /* UIColorExtension.swift in Sources */,
			);
			runOnlyForDeploymentPostprocessing = 0;
		};
/* End PBXSourcesBuildPhase section */

/* Begin PBXVariantGroup section */
		59202CB42CE374770008BD59 /* LaunchScreen.storyboard */ = {
			isa = PBXVariantGroup;
			children = (
				59202CB52CE374770008BD59 /* Base */,
			);
			name = LaunchScreen.storyboard;
			sourceTree = "<group>";
		};
/* End PBXVariantGroup section */

/* Begin XCBuildConfiguration section */
		59202CB82CE374770008BD59 /* Debug */ = {
			isa = XCBuildConfiguration;
			buildSettings = {
				ALWAYS_SEARCH_USER_PATHS = NO;
				ASSETCATALOG_COMPILER_GENERATE_SWIFT_ASSET_SYMBOL_EXTENSIONS = YES;
				CLANG_ANALYZER_NONNULL = YES;
				CLANG_ANALYZER_NUMBER_OBJECT_CONVERSION = YES_AGGRESSIVE;
				CLANG_CXX_LANGUAGE_STANDARD = "gnu++20";
				CLANG_ENABLE_MODULES = YES;
				CLANG_ENABLE_OBJC_ARC = YES;
				CLANG_ENABLE_OBJC_WEAK = YES;
				CLANG_WARN_BLOCK_CAPTURE_AUTORELEASING = YES;
				CLANG_WARN_BOOL_CONVERSION = YES;
				CLANG_WARN_COMMA = YES;
				CLANG_WARN_CONSTANT_CONVERSION = YES;
				CLANG_WARN_DEPRECATED_OBJC_IMPLEMENTATIONS = YES;
				CLANG_WARN_DIRECT_OBJC_ISA_USAGE = YES_ERROR;
				CLANG_WARN_DOCUMENTATION_COMMENTS = YES;
				CLANG_WARN_EMPTY_BODY = YES;
				CLANG_WARN_ENUM_CONVERSION = YES;
				CLANG_WARN_INFINITE_RECURSION = YES;
				CLANG_WARN_INT_CONVERSION = YES;
				CLANG_WARN_NON_LITERAL_NULL_CONVERSION = YES;
				CLANG_WARN_OBJC_IMPLICIT_RETAIN_SELF = YES;
				CLANG_WARN_OBJC_LITERAL_CONVERSION = YES;
				CLANG_WARN_OBJC_ROOT_CLASS = YES_ERROR;
				CLANG_WARN_QUOTED_INCLUDE_IN_FRAMEWORK_HEADER = YES;
				CLANG_WARN_RANGE_LOOP_ANALYSIS = YES;
				CLANG_WARN_STRICT_PROTOTYPES = YES;
				CLANG_WARN_SUSPICIOUS_MOVE = YES;
				CLANG_WARN_UNGUARDED_AVAILABILITY = YES_AGGRESSIVE;
				CLANG_WARN_UNREACHABLE_CODE = YES;
				CLANG_WARN__DUPLICATE_METHOD_MATCH = YES;
				COPY_PHASE_STRIP = NO;
				DEBUG_INFORMATION_FORMAT = dwarf;
				ENABLE_STRICT_OBJC_MSGSEND = YES;
				ENABLE_TESTABILITY = YES;
				ENABLE_USER_SCRIPT_SANDBOXING = YES;
				GCC_C_LANGUAGE_STANDARD = gnu17;
				GCC_DYNAMIC_NO_PIC = NO;
				GCC_NO_COMMON_BLOCKS = YES;
				GCC_OPTIMIZATION_LEVEL = 0;
				GCC_PREPROCESSOR_DEFINITIONS = (
					"DEBUG=1",
					"$(inherited)",
				);
				GCC_WARN_64_TO_32_BIT_CONVERSION = YES;
				GCC_WARN_ABOUT_RETURN_TYPE = YES_ERROR;
				GCC_WARN_UNDECLARED_SELECTOR = YES;
				GCC_WARN_UNINITIALIZED_AUTOS = YES_AGGRESSIVE;
				GCC_WARN_UNUSED_FUNCTION = YES;
				GCC_WARN_UNUSED_VARIABLE = YES;
				IPHONEOS_DEPLOYMENT_TARGET = 17.5;
				LOCALIZATION_PREFERS_STRING_CATALOGS = YES;
				MTL_ENABLE_DEBUG_INFO = INCLUDE_SOURCE;
				MTL_FAST_MATH = YES;
				ONLY_ACTIVE_ARCH = YES;
				SDKROOT = iphoneos;
				SWIFT_ACTIVE_COMPILATION_CONDITIONS = "DEBUG $(inherited)";
				SWIFT_OPTIMIZATION_LEVEL = "-Onone";
			};
			name = Debug;
		};
		59202CB92CE374770008BD59 /* Release */ = {
			isa = XCBuildConfiguration;
			buildSettings = {
				ALWAYS_SEARCH_USER_PATHS = NO;
				ASSETCATALOG_COMPILER_GENERATE_SWIFT_ASSET_SYMBOL_EXTENSIONS = YES;
				CLANG_ANALYZER_NONNULL = YES;
				CLANG_ANALYZER_NUMBER_OBJECT_CONVERSION = YES_AGGRESSIVE;
				CLANG_CXX_LANGUAGE_STANDARD = "gnu++20";
				CLANG_ENABLE_MODULES = YES;
				CLANG_ENABLE_OBJC_ARC = YES;
				CLANG_ENABLE_OBJC_WEAK = YES;
				CLANG_WARN_BLOCK_CAPTURE_AUTORELEASING = YES;
				CLANG_WARN_BOOL_CONVERSION = YES;
				CLANG_WARN_COMMA = YES;
				CLANG_WARN_CONSTANT_CONVERSION = YES;
				CLANG_WARN_DEPRECATED_OBJC_IMPLEMENTATIONS = YES;
				CLANG_WARN_DIRECT_OBJC_ISA_USAGE = YES_ERROR;
				CLANG_WARN_DOCUMENTATION_COMMENTS = YES;
				CLANG_WARN_EMPTY_BODY = YES;
				CLANG_WARN_ENUM_CONVERSION = YES;
				CLANG_WARN_INFINITE_RECURSION = YES;
				CLANG_WARN_INT_CONVERSION = YES;
				CLANG_WARN_NON_LITERAL_NULL_CONVERSION = YES;
				CLANG_WARN_OBJC_IMPLICIT_RETAIN_SELF = YES;
				CLANG_WARN_OBJC_LITERAL_CONVERSION = YES;
				CLANG_WARN_OBJC_ROOT_CLASS = YES_ERROR;
				CLANG_WARN_QUOTED_INCLUDE_IN_FRAMEWORK_HEADER = YES;
				CLANG_WARN_RANGE_LOOP_ANALYSIS = YES;
				CLANG_WARN_STRICT_PROTOTYPES = YES;
				CLANG_WARN_SUSPICIOUS_MOVE = YES;
				CLANG_WARN_UNGUARDED_AVAILABILITY = YES_AGGRESSIVE;
				CLANG_WARN_UNREACHABLE_CODE = YES;
				CLANG_WARN__DUPLICATE_METHOD_MATCH = YES;
				COPY_PHASE_STRIP = NO;
				DEBUG_INFORMATION_FORMAT = "dwarf-with-dsym";
				ENABLE_NS_ASSERTIONS = NO;
				ENABLE_STRICT_OBJC_MSGSEND = YES;
				ENABLE_USER_SCRIPT_SANDBOXING = YES;
				GCC_C_LANGUAGE_STANDARD = gnu17;
				GCC_NO_COMMON_BLOCKS = YES;
				GCC_WARN_64_TO_32_BIT_CONVERSION = YES;
				GCC_WARN_ABOUT_RETURN_TYPE = YES_ERROR;
				GCC_WARN_UNDECLARED_SELECTOR = YES;
				GCC_WARN_UNINITIALIZED_AUTOS = YES_AGGRESSIVE;
				GCC_WARN_UNUSED_FUNCTION = YES;
				GCC_WARN_UNUSED_VARIABLE = YES;
				IPHONEOS_DEPLOYMENT_TARGET = 17.5;
				LOCALIZATION_PREFERS_STRING_CATALOGS = YES;
				MTL_ENABLE_DEBUG_INFO = NO;
				MTL_FAST_MATH = YES;
				SDKROOT = iphoneos;
				SWIFT_COMPILATION_MODE = wholemodule;
				VALIDATE_PRODUCT = YES;
			};
			name = Release;
		};
		59202CBB2CE374770008BD59 /* Debug */ = {
			isa = XCBuildConfiguration;
			buildSettings = {
				ASSETCATALOG_COMPILER_APPICON_NAME = AppIcon;
				ASSETCATALOG_COMPILER_GLOBAL_ACCENT_COLOR_NAME = AccentColor;
				CODE_SIGN_STYLE = Automatic;
				CURRENT_PROJECT_VERSION = 1;
				DEVELOPMENT_TEAM = F6D9MXMG58;
				GENERATE_INFOPLIST_FILE = YES;
				INFOPLIST_FILE = QuizApp/Resources/Info.plist;
				INFOPLIST_KEY_UIApplicationSupportsIndirectInputEvents = YES;
				INFOPLIST_KEY_UILaunchStoryboardName = LaunchScreen;
				INFOPLIST_KEY_UISupportedInterfaceOrientations_iPad = "UIInterfaceOrientationPortrait UIInterfaceOrientationPortraitUpsideDown UIInterfaceOrientationLandscapeLeft UIInterfaceOrientationLandscapeRight";
				INFOPLIST_KEY_UISupportedInterfaceOrientations_iPhone = "UIInterfaceOrientationPortrait UIInterfaceOrientationLandscapeLeft UIInterfaceOrientationLandscapeRight";
				LD_RUNPATH_SEARCH_PATHS = (
					"$(inherited)",
					"@executable_path/Frameworks",
				);
				MARKETING_VERSION = 1.0;
				PRODUCT_BUNDLE_IDENTIFIER = com.your.TBC.QuizApp;
				PRODUCT_NAME = "$(TARGET_NAME)";
				SWIFT_EMIT_LOC_STRINGS = YES;
				SWIFT_VERSION = 5.0;
				TARGETED_DEVICE_FAMILY = "1,2";
			};
			name = Debug;
		};
		59202CBC2CE374770008BD59 /* Release */ = {
			isa = XCBuildConfiguration;
			buildSettings = {
				ASSETCATALOG_COMPILER_APPICON_NAME = AppIcon;
				ASSETCATALOG_COMPILER_GLOBAL_ACCENT_COLOR_NAME = AccentColor;
				CODE_SIGN_STYLE = Automatic;
				CURRENT_PROJECT_VERSION = 1;
				DEVELOPMENT_TEAM = F6D9MXMG58;
				GENERATE_INFOPLIST_FILE = YES;
				INFOPLIST_FILE = QuizApp/Resources/Info.plist;
				INFOPLIST_KEY_UIApplicationSupportsIndirectInputEvents = YES;
				INFOPLIST_KEY_UILaunchStoryboardName = LaunchScreen;
				INFOPLIST_KEY_UISupportedInterfaceOrientations_iPad = "UIInterfaceOrientationPortrait UIInterfaceOrientationPortraitUpsideDown UIInterfaceOrientationLandscapeLeft UIInterfaceOrientationLandscapeRight";
				INFOPLIST_KEY_UISupportedInterfaceOrientations_iPhone = "UIInterfaceOrientationPortrait UIInterfaceOrientationLandscapeLeft UIInterfaceOrientationLandscapeRight";
				LD_RUNPATH_SEARCH_PATHS = (
					"$(inherited)",
					"@executable_path/Frameworks",
				);
				MARKETING_VERSION = 1.0;
				PRODUCT_BUNDLE_IDENTIFIER = com.your.TBC.QuizApp;
				PRODUCT_NAME = "$(TARGET_NAME)";
				SWIFT_EMIT_LOC_STRINGS = YES;
				SWIFT_VERSION = 5.0;
				TARGETED_DEVICE_FAMILY = "1,2";
			};
			name = Release;
		};
/* End XCBuildConfiguration section */

/* Begin XCConfigurationList section */
		59202CA12CE374730008BD59 /* Build configuration list for PBXProject "QuizApp" */ = {
			isa = XCConfigurationList;
			buildConfigurations = (
				59202CB82CE374770008BD59 /* Debug */,
				59202CB92CE374770008BD59 /* Release */,
			);
			defaultConfigurationIsVisible = 0;
			defaultConfigurationName = Release;
		};
		59202CBA2CE374770008BD59 /* Build configuration list for PBXNativeTarget "QuizApp" */ = {
			isa = XCConfigurationList;
			buildConfigurations = (
				59202CBB2CE374770008BD59 /* Debug */,
				59202CBC2CE374770008BD59 /* Release */,
			);
			defaultConfigurationIsVisible = 0;
			defaultConfigurationName = Release;
		};
/* End XCConfigurationList section */
	};
	rootObject = 59202C9E2CE374730008BD59 /* Project object */;
}
